
Microsoft Visual Studio Solution File, Format Version 12.00
# Visual Studio Version 17
VisualStudioVersion = 17.2.32630.192
MinimumVisualStudioVersion = 10.0.40219.1
Project("{FAE04EC0-301F-11D3-BF4B-00C04F79EFBC}") = "CompSec", "CompSec.csproj", "{47EBBFE1-24AC-4AAA-8880-C52181C29F83}"
EndProject
Global
	GlobalSection(SolutionConfigurationPlatforms) = preSolution
		Debug|Any CPU = Debug|Any CPU
		Release|Any CPU = Release|Any CPU
	EndGlobalSection
	GlobalSection(ProjectConfigurationPlatforms) = postSolution
		{47EBBFE1-24AC-4AAA-8880-C52181C29F83}.Debug|Any CPU.ActiveCfg = Debug|Any CPU
		{47EBBFE1-24AC-4AAA-8880-C52181C29F83}.Debug|Any CPU.Build.0 = Debug|Any CPU
		{47EBBFE1-24AC-4AAA-8880-C52181C29F83}.Release|Any CPU.ActiveCfg = Release|Any CPU
		{47EBBFE1-24AC-4AAA-8880-C52181C29F83}.Release|Any CPU.Build.0 = Release|Any CPU
	EndGlobalSection
	GlobalSection(SolutionProperties) = preSolution
		HideSolutionNode = FALSE
	EndGlobalSection
	GlobalSection(ExtensibilityGlobals) = postSolution
		SolutionGuid = {49201511-5ADE-4AFE-9E89-6946536DEDB3}
	EndGlobalSection
EndGlobal
